
Microsoft Visual Studio Solution File, Format Version 12.00
# Visual Studio 15
VisualStudioVersion = 15.0.28307.779
MinimumVisualStudioVersion = 10.0.40219.1
Project("{FAE04EC0-301F-11D3-BF4B-00C04F79EFBC}") = "ReserveTable", "ReserveTable\ReserveTable.csproj", "{87A6BF8F-C145-45A3-A02A-5E536382A3CC}"
EndProject
Global
	GlobalSection(SolutionConfigurationPlatforms) = preSolution
		Debug|Any CPU = Debug|Any CPU
		Release|Any CPU = Release|Any CPU
	EndGlobalSection
	GlobalSection(ProjectConfigurationPlatforms) = postSolution
		{87A6BF8F-C145-45A3-A02A-5E536382A3CC}.Debug|Any CPU.ActiveCfg = Debug|Any CPU
		{87A6BF8F-C145-45A3-A02A-5E536382A3CC}.Debug|Any CPU.Build.0 = Debug|Any CPU
		{87A6BF8F-C145-45A3-A02A-5E536382A3CC}.Release|Any CPU.ActiveCfg = Release|Any CPU
		{87A6BF8F-C145-45A3-A02A-5E536382A3CC}.Release|Any CPU.Build.0 = Release|Any CPU
	EndGlobalSection
	GlobalSection(SolutionProperties) = preSolution
		HideSolutionNode = FALSE
	EndGlobalSection
	GlobalSection(ExtensibilityGlobals) = postSolution
		SolutionGuid = {D15297B6-80E9-40D4-A82B-554685F4D890}
	EndGlobalSection
EndGlobal
